
Microsoft Visual Studio Solution File, Format Version 12.00
# Visual Studio Version 17
VisualStudioVersion = 17.10.34916.146
MinimumVisualStudioVersion = 10.0.40219.1
Project("{9A19103F-16F7-4668-BE54-9A1E7A4F7556}") = "MixologyMatrix", "MixologyMatrix\MixologyMatrix.csproj", "{19BBC0F1-A3FF-4FDF-AEC9-1868A9392231}"
EndProject
Project("{9A19103F-16F7-4668-BE54-9A1E7A4F7556}") = "MixologyMatrix.App", "MixologyMatrix.App\MixologyMatrix.App.csproj", "{70E9A6BD-077B-427B-ACA8-76072CF3909D}"
EndProject
Project("{9A19103F-16F7-4668-BE54-9A1E7A4F7556}") = "MixologyMatrix.Domain", "MixologyMatrix.Domain\MixologyMatrix.Domain.csproj", "{A170CE05-34A0-4275-9EF4-8A7156863AA7}"
EndProject
Project("{9A19103F-16F7-4668-BE54-9A1E7A4F7556}") = "MixologyMatrix.Tests", "MixologyMatrix.Tests\MixologyMatrix.Tests.csproj", "{740EBA78-6C46-40F4-8897-8424096F3B7A}"
EndProject
Project("{FAE04EC0-301F-11D3-BF4B-00C04F79EFBC}") = "MixologyMatrixMVC.Web", "MixologyMatrixMVC.Web\MixologyMatrixMVC.Web.csproj", "{82386210-E5A0-4090-AC50-7E61D00B4E67}"
EndProject
Project("{2150E333-8FDC-42A3-9474-1A3956D46DE8}") = "Application", "Application", "{A5E973EE-69BB-4B87-81A5-B381BEA9825D}"
EndProject
Project("{2150E333-8FDC-42A3-9474-1A3956D46DE8}") = "Domain", "Domain", "{4D705486-BBEF-46FB-BC50-E7420D930637}"
EndProject
Project("{2150E333-8FDC-42A3-9474-1A3956D46DE8}") = "UI", "UI", "{EABD5768-F9D3-4D66-87AF-84757FA69190}"
EndProject
Project("{2150E333-8FDC-42A3-9474-1A3956D46DE8}") = "Tests", "Tests", "{D5224752-3D3E-40E5-8C6E-A37DD1F06044}"
EndProject
Project("{2150E333-8FDC-42A3-9474-1A3956D46DE8}") = "Infrastructure", "Infrastructure", "{77702FDA-2801-4E49-8A30-5CB47753153A}"
EndProject
Project("{FAE04EC0-301F-11D3-BF4B-00C04F79EFBC}") = "MixologyMatrixMVC.Application", "MixologyMatrixMVC.Application\MixologyMatrixMVC.Application.csproj", "{1C476E71-E2E7-4108-A87E-D321BF17106E}"
EndProject
Project("{FAE04EC0-301F-11D3-BF4B-00C04F79EFBC}") = "MixologyMatrixMVC.Domain", "MixologyMatrixMVC.Domain\MixologyMatrixMVC.Domain.csproj", "{A43C3474-8EF2-4942-B498-B1710A02C198}"
EndProject
Project("{FAE04EC0-301F-11D3-BF4B-00C04F79EFBC}") = "MixologyMatrixMVC.Infrastructure", "MixologyMatrixMVC.Infrastructure\MixologyMatrixMVC.Infrastructure.csproj", "{FD9117C3-E300-48F9-A6C5-6644E56682D7}"
EndProject
Project("{FAE04EC0-301F-11D3-BF4B-00C04F79EFBC}") = "MixologyMatrixMVC.Tests", "MixologyMatrixMVC.Tests\MixologyMatrixMVC.Tests.csproj", "{494CBBDB-1E2B-4EF0-A187-E0B2B6DBDB18}"
EndProject
Project("{2150E333-8FDC-42A3-9474-1A3956D46DE8}") = "Services", "Services", "{E8B15236-99F8-48BA-A928-52E9ECA6086F}"
EndProject
Project("{2150E333-8FDC-42A3-9474-1A3956D46DE8}") = "Interface", "Interface", "{577787DB-CA5F-4271-97B1-78D2079D6F8F}"
EndProject
Project("{2150E333-8FDC-42A3-9474-1A3956D46DE8}") = "Interface", "Interface", "{DB0835C6-FD7E-41AB-9BF0-8F5E97348E73}"
EndProject
Project("{2150E333-8FDC-42A3-9474-1A3956D46DE8}") = "Model", "Model", "{5581B10E-B06F-4F1E-8393-4ACE56325972}"
EndProject
Project("{2150E333-8FDC-42A3-9474-1A3956D46DE8}") = "Repositories", "Repositories", "{483F0403-230F-4F0F-B374-877E7859B810}"
EndProject
Global
	GlobalSection(SolutionConfigurationPlatforms) = preSolution
		Debug|Any CPU = Debug|Any CPU
		Release|Any CPU = Release|Any CPU
	EndGlobalSection
	GlobalSection(ProjectConfigurationPlatforms) = postSolution
		{19BBC0F1-A3FF-4FDF-AEC9-1868A9392231}.Debug|Any CPU.ActiveCfg = Debug|Any CPU
		{19BBC0F1-A3FF-4FDF-AEC9-1868A9392231}.Debug|Any CPU.Build.0 = Debug|Any CPU
		{19BBC0F1-A3FF-4FDF-AEC9-1868A9392231}.Release|Any CPU.ActiveCfg = Release|Any CPU
		{19BBC0F1-A3FF-4FDF-AEC9-1868A9392231}.Release|Any CPU.Build.0 = Release|Any CPU
		{70E9A6BD-077B-427B-ACA8-76072CF3909D}.Debug|Any CPU.ActiveCfg = Debug|Any CPU
		{70E9A6BD-077B-427B-ACA8-76072CF3909D}.Debug|Any CPU.Build.0 = Debug|Any CPU
		{70E9A6BD-077B-427B-ACA8-76072CF3909D}.Release|Any CPU.ActiveCfg = Release|Any CPU
		{70E9A6BD-077B-427B-ACA8-76072CF3909D}.Release|Any CPU.Build.0 = Release|Any CPU
		{A170CE05-34A0-4275-9EF4-8A7156863AA7}.Debug|Any CPU.ActiveCfg = Debug|Any CPU
		{A170CE05-34A0-4275-9EF4-8A7156863AA7}.Debug|Any CPU.Build.0 = Debug|Any CPU
		{A170CE05-34A0-4275-9EF4-8A7156863AA7}.Release|Any CPU.ActiveCfg = Release|Any CPU
		{A170CE05-34A0-4275-9EF4-8A7156863AA7}.Release|Any CPU.Build.0 = Release|Any CPU
		{740EBA78-6C46-40F4-8897-8424096F3B7A}.Debug|Any CPU.ActiveCfg = Debug|Any CPU
		{740EBA78-6C46-40F4-8897-8424096F3B7A}.Debug|Any CPU.Build.0 = Debug|Any CPU
		{740EBA78-6C46-40F4-8897-8424096F3B7A}.Release|Any CPU.ActiveCfg = Release|Any CPU
		{740EBA78-6C46-40F4-8897-8424096F3B7A}.Release|Any CPU.Build.0 = Release|Any CPU
		{82386210-E5A0-4090-AC50-7E61D00B4E67}.Debug|Any CPU.ActiveCfg = Debug|Any CPU
		{82386210-E5A0-4090-AC50-7E61D00B4E67}.Debug|Any CPU.Build.0 = Debug|Any CPU
		{82386210-E5A0-4090-AC50-7E61D00B4E67}.Release|Any CPU.ActiveCfg = Release|Any CPU
		{82386210-E5A0-4090-AC50-7E61D00B4E67}.Release|Any CPU.Build.0 = Release|Any CPU
		{1C476E71-E2E7-4108-A87E-D321BF17106E}.Debug|Any CPU.ActiveCfg = Debug|Any CPU
		{1C476E71-E2E7-4108-A87E-D321BF17106E}.Debug|Any CPU.Build.0 = Debug|Any CPU
		{1C476E71-E2E7-4108-A87E-D321BF17106E}.Release|Any CPU.ActiveCfg = Release|Any CPU
		{1C476E71-E2E7-4108-A87E-D321BF17106E}.Release|Any CPU.Build.0 = Release|Any CPU
		{A43C3474-8EF2-4942-B498-B1710A02C198}.Debug|Any CPU.ActiveCfg = Debug|Any CPU
		{A43C3474-8EF2-4942-B498-B1710A02C198}.Debug|Any CPU.Build.0 = Debug|Any CPU
		{A43C3474-8EF2-4942-B498-B1710A02C198}.Release|Any CPU.ActiveCfg = Release|Any CPU
		{A43C3474-8EF2-4942-B498-B1710A02C198}.Release|Any CPU.Build.0 = Release|Any CPU
		{FD9117C3-E300-48F9-A6C5-6644E56682D7}.Debug|Any CPU.ActiveCfg = Debug|Any CPU
		{FD9117C3-E300-48F9-A6C5-6644E56682D7}.Debug|Any CPU.Build.0 = Debug|Any CPU
		{FD9117C3-E300-48F9-A6C5-6644E56682D7}.Release|Any CPU.ActiveCfg = Release|Any CPU
		{FD9117C3-E300-48F9-A6C5-6644E56682D7}.Release|Any CPU.Build.0 = Release|Any CPU
		{494CBBDB-1E2B-4EF0-A187-E0B2B6DBDB18}.Debug|Any CPU.ActiveCfg = Debug|Any CPU
		{494CBBDB-1E2B-4EF0-A187-E0B2B6DBDB18}.Debug|Any CPU.Build.0 = Debug|Any CPU
		{494CBBDB-1E2B-4EF0-A187-E0B2B6DBDB18}.Release|Any CPU.ActiveCfg = Release|Any CPU
		{494CBBDB-1E2B-4EF0-A187-E0B2B6DBDB18}.Release|Any CPU.Build.0 = Release|Any CPU
	EndGlobalSection
	GlobalSection(SolutionProperties) = preSolution
		HideSolutionNode = FALSE
	EndGlobalSection
	GlobalSection(NestedProjects) = preSolution
		{1C476E71-E2E7-4108-A87E-D321BF17106E} = {A5E973EE-69BB-4B87-81A5-B381BEA9825D}
		{A43C3474-8EF2-4942-B498-B1710A02C198} = {4D705486-BBEF-46FB-BC50-E7420D930637}
		{FD9117C3-E300-48F9-A6C5-6644E56682D7} = {77702FDA-2801-4E49-8A30-5CB47753153A}
		{494CBBDB-1E2B-4EF0-A187-E0B2B6DBDB18} = {D5224752-3D3E-40E5-8C6E-A37DD1F06044}
		{E8B15236-99F8-48BA-A928-52E9ECA6086F} = {A5E973EE-69BB-4B87-81A5-B381BEA9825D}
		{577787DB-CA5F-4271-97B1-78D2079D6F8F} = {A5E973EE-69BB-4B87-81A5-B381BEA9825D}
		{DB0835C6-FD7E-41AB-9BF0-8F5E97348E73} = {4D705486-BBEF-46FB-BC50-E7420D930637}
		{5581B10E-B06F-4F1E-8393-4ACE56325972} = {4D705486-BBEF-46FB-BC50-E7420D930637}
		{483F0403-230F-4F0F-B374-877E7859B810} = {77702FDA-2801-4E49-8A30-5CB47753153A}
	EndGlobalSection
	GlobalSection(ExtensibilityGlobals) = postSolution
		SolutionGuid = {1D47AB66-36AF-4CD6-BF09-6E88F4E688A5}
	EndGlobalSection
EndGlobal
